
Microsoft Visual Studio Solution File, Format Version 12.00
# Visual Studio Version 17
VisualStudioVersion = 17.4.33205.214
MinimumVisualStudioVersion = 10.0.40219.1
Project("{FAE04EC0-301F-11D3-BF4B-00C04F79EFBC}") = "XamarinFormMapDemo.Android", "XamarinFormMapDemo\XamarinFormMapDemo.Android\XamarinFormMapDemo.Android.csproj", "{3AC4CC14-1EFD-49FE-951E-81AC36C384D0}"
EndProject
Project("{FAE04EC0-301F-11D3-BF4B-00C04F79EFBC}") = "XamarinFormMapDemo.iOS", "XamarinFormMapDemo\XamarinFormMapDemo.iOS\XamarinFormMapDemo.iOS.csproj", "{D1E0698A-9CF5-44C3-BA3F-0866D154E152}"
EndProject
Project("{FAE04EC0-301F-11D3-BF4B-00C04F79EFBC}") = "XamarinFormMapDemo", "XamarinFormMapDemo\XamarinFormMapDemo\XamarinFormMapDemo.csproj", "{6A42019E-7E8D-4DA4-8122-50DD9BBEA69C}"
EndProject
Global
	GlobalSection(SolutionConfigurationPlatforms) = preSolution
		Debug|Any CPU = Debug|Any CPU
		Debug|iPhone = Debug|iPhone
		Debug|iPhoneSimulator = Debug|iPhoneSimulator
		Release|Any CPU = Release|Any CPU
		Release|iPhone = Release|iPhone
		Release|iPhoneSimulator = Release|iPhoneSimulator
	EndGlobalSection
	GlobalSection(ProjectConfigurationPlatforms) = postSolution
		{3AC4CC14-1EFD-49FE-951E-81AC36C384D0}.Debug|Any CPU.ActiveCfg = Debug|Any CPU
		{3AC4CC14-1EFD-49FE-951E-81AC36C384D0}.Debug|Any CPU.Build.0 = Debug|Any CPU
		{3AC4CC14-1EFD-49FE-951E-81AC36C384D0}.Debug|Any CPU.Deploy.0 = Debug|Any CPU
		{3AC4CC14-1EFD-49FE-951E-81AC36C384D0}.Debug|iPhone.ActiveCfg = Debug|Any CPU
		{3AC4CC14-1EFD-49FE-951E-81AC36C384D0}.Debug|iPhone.Build.0 = Debug|Any CPU
		{3AC4CC14-1EFD-49FE-951E-81AC36C384D0}.Debug|iPhone.Deploy.0 = Debug|Any CPU
		{3AC4CC14-1EFD-49FE-951E-81AC36C384D0}.Debug|iPhoneSimulator.ActiveCfg = Debug|Any CPU
		{3AC4CC14-1EFD-49FE-951E-81AC36C384D0}.Debug|iPhoneSimulator.Build.0 = Debug|Any CPU
		{3AC4CC14-1EFD-49FE-951E-81AC36C384D0}.Debug|iPhoneSimulator.Deploy.0 = Debug|Any CPU
		{3AC4CC14-1EFD-49FE-951E-81AC36C384D0}.Release|Any CPU.ActiveCfg = Release|Any CPU
		{3AC4CC14-1EFD-49FE-951E-81AC36C384D0}.Release|Any CPU.Build.0 = Release|Any CPU
		{3AC4CC14-1EFD-49FE-951E-81AC36C384D0}.Release|Any CPU.Deploy.0 = Release|Any CPU
		{3AC4CC14-1EFD-49FE-951E-81AC36C384D0}.Release|iPhone.ActiveCfg = Release|Any CPU
		{3AC4CC14-1EFD-49FE-951E-81AC36C384D0}.Release|iPhone.Build.0 = Release|Any CPU
		{3AC4CC14-1EFD-49FE-951E-81AC36C384D0}.Release|iPhone.Deploy.0 = Release|Any CPU
		{3AC4CC14-1EFD-49FE-951E-81AC36C384D0}.Release|iPhoneSimulator.ActiveCfg = Release|Any CPU
		{3AC4CC14-1EFD-49FE-951E-81AC36C384D0}.Release|iPhoneSimulator.Build.0 = Release|Any CPU
		{3AC4CC14-1EFD-49FE-951E-81AC36C384D0}.Release|iPhoneSimulator.Deploy.0 = Release|Any CPU
		{D1E0698A-9CF5-44C3-BA3F-0866D154E152}.Debug|Any CPU.ActiveCfg = Debug|iPhone
		{D1E0698A-9CF5-44C3-BA3F-0866D154E152}.Debug|Any CPU.Build.0 = Debug|iPhone
		{D1E0698A-9CF5-44C3-BA3F-0866D154E152}.Debug|Any CPU.Deploy.0 = Debug|iPhone
		{D1E0698A-9CF5-44C3-BA3F-0866D154E152}.Debug|iPhone.ActiveCfg = Debug|iPhone
		{D1E0698A-9CF5-44C3-BA3F-0866D154E152}.Debug|iPhone.Build.0 = Debug|iPhone
		{D1E0698A-9CF5-44C3-BA3F-0866D154E152}.Debug|iPhone.Deploy.0 = Debug|iPhone
		{D1E0698A-9CF5-44C3-BA3F-0866D154E152}.Debug|iPhoneSimulator.ActiveCfg = Debug|iPhoneSimulator
		{D1E0698A-9CF5-44C3-BA3F-0866D154E152}.Debug|iPhoneSimulator.Build.0 = Debug|iPhoneSimulator
		{D1E0698A-9CF5-44C3-BA3F-0866D154E152}.Debug|iPhoneSimulator.Deploy.0 = Debug|iPhoneSimulator
		{D1E0698A-9CF5-44C3-BA3F-0866D154E152}.Release|Any CPU.ActiveCfg = Release|iPhoneSimulator
		{D1E0698A-9CF5-44C3-BA3F-0866D154E152}.Release|Any CPU.Build.0 = Release|iPhoneSimulator
		{D1E0698A-9CF5-44C3-BA3F-0866D154E152}.Release|Any CPU.Deploy.0 = Release|iPhoneSimulator
		{D1E0698A-9CF5-44C3-BA3F-0866D154E152}.Release|iPhone.ActiveCfg = Release|iPhone
		{D1E0698A-9CF5-44C3-BA3F-0866D154E152}.Release|iPhone.Build.0 = Release|iPhone
		{D1E0698A-9CF5-44C3-BA3F-0866D154E152}.Release|iPhone.Deploy.0 = Release|iPhone
		{D1E0698A-9CF5-44C3-BA3F-0866D154E152}.Release|iPhoneSimulator.ActiveCfg = Release|iPhoneSimulator
		{D1E0698A-9CF5-44C3-BA3F-0866D154E152}.Release|iPhoneSimulator.Build.0 = Release|iPhoneSimulator
		{D1E0698A-9CF5-44C3-BA3F-0866D154E152}.Release|iPhoneSimulator.Deploy.0 = Release|iPhoneSimulator
		{6A42019E-7E8D-4DA4-8122-50DD9BBEA69C}.Debug|Any CPU.ActiveCfg = Debug|Any CPU
		{6A42019E-7E8D-4DA4-8122-50DD9BBEA69C}.Debug|Any CPU.Build.0 = Debug|Any CPU
		{6A42019E-7E8D-4DA4-8122-50DD9BBEA69C}.Debug|Any CPU.Deploy.0 = Debug|Any CPU
		{6A42019E-7E8D-4DA4-8122-50DD9BBEA69C}.Debug|iPhone.ActiveCfg = Debug|Any CPU
		{6A42019E-7E8D-4DA4-8122-50DD9BBEA69C}.Debug|iPhone.Build.0 = Debug|Any CPU
		{6A42019E-7E8D-4DA4-8122-50DD9BBEA69C}.Debug|iPhone.Deploy.0 = Debug|Any CPU
		{6A42019E-7E8D-4DA4-8122-50DD9BBEA69C}.Debug|iPhoneSimulator.ActiveCfg = Debug|Any CPU
		{6A42019E-7E8D-4DA4-8122-50DD9BBEA69C}.Debug|iPhoneSimulator.Build.0 = Debug|Any CPU
		{6A42019E-7E8D-4DA4-8122-50DD9BBEA69C}.Debug|iPhoneSimulator.Deploy.0 = Debug|Any CPU
		{6A42019E-7E8D-4DA4-8122-50DD9BBEA69C}.Release|Any CPU.ActiveCfg = Release|Any CPU
		{6A42019E-7E8D-4DA4-8122-50DD9BBEA69C}.Release|Any CPU.Build.0 = Release|Any CPU
		{6A42019E-7E8D-4DA4-8122-50DD9BBEA69C}.Release|Any CPU.Deploy.0 = Release|Any CPU
		{6A42019E-7E8D-4DA4-8122-50DD9BBEA69C}.Release|iPhone.ActiveCfg = Release|Any CPU
		{6A42019E-7E8D-4DA4-8122-50DD9BBEA69C}.Release|iPhone.Build.0 = Release|Any CPU
		{6A42019E-7E8D-4DA4-8122-50DD9BBEA69C}.Release|iPhone.Deploy.0 = Release|Any CPU
		{6A42019E-7E8D-4DA4-8122-50DD9BBEA69C}.Release|iPhoneSimulator.ActiveCfg = Release|Any CPU
		{6A42019E-7E8D-4DA4-8122-50DD9BBEA69C}.Release|iPhoneSimulator.Build.0 = Release|Any CPU
		{6A42019E-7E8D-4DA4-8122-50DD9BBEA69C}.Release|iPhoneSimulator.Deploy.0 = Release|Any CPU
	EndGlobalSection
	GlobalSection(SolutionProperties) = preSolution
		HideSolutionNode = FALSE
	EndGlobalSection
	GlobalSection(ExtensibilityGlobals) = postSolution
		SolutionGuid = {F7DDC6E4-9B91-4080-9043-592ECB73F2A4}
	EndGlobalSection
EndGlobal
